
Microsoft Visual Studio Solution File, Format Version 12.00
# Visual Studio 15
VisualStudioVersion = 15.0.27428.2027
MinimumVisualStudioVersion = 10.0.40219.1
Project("{FAE04EC0-301F-11D3-BF4B-00C04F79EFBC}") = "MySimpleBlockchainWithPoW.ServerCore", "MySimpleBlockchainWithPoW.ServerCore\MySimpleBlockchainWithPoW.ServerCore.csproj", "{23B77494-BD5F-47E1-BFDC-BB710E4B0F24}"
EndProject
Project("{FAE04EC0-301F-11D3-BF4B-00C04F79EFBC}") = "MySimpleBlockchainWithPoW.Blockchain", "MySimpleBlockchainWithPoW.Blockchain\MySimpleBlockchainWithPoW.Blockchain.csproj", "{A200655C-5A19-4ABE-B8D7-A907FB622EBE}"
EndProject
Global
	GlobalSection(SolutionConfigurationPlatforms) = preSolution
		Debug|Any CPU = Debug|Any CPU
		Release|Any CPU = Release|Any CPU
	EndGlobalSection
	GlobalSection(ProjectConfigurationPlatforms) = postSolution
		{23B77494-BD5F-47E1-BFDC-BB710E4B0F24}.Debug|Any CPU.ActiveCfg = Debug|Any CPU
		{23B77494-BD5F-47E1-BFDC-BB710E4B0F24}.Debug|Any CPU.Build.0 = Debug|Any CPU
		{23B77494-BD5F-47E1-BFDC-BB710E4B0F24}.Release|Any CPU.ActiveCfg = Release|Any CPU
		{23B77494-BD5F-47E1-BFDC-BB710E4B0F24}.Release|Any CPU.Build.0 = Release|Any CPU
		{A200655C-5A19-4ABE-B8D7-A907FB622EBE}.Debug|Any CPU.ActiveCfg = Debug|Any CPU
		{A200655C-5A19-4ABE-B8D7-A907FB622EBE}.Debug|Any CPU.Build.0 = Debug|Any CPU
		{A200655C-5A19-4ABE-B8D7-A907FB622EBE}.Release|Any CPU.ActiveCfg = Release|Any CPU
		{A200655C-5A19-4ABE-B8D7-A907FB622EBE}.Release|Any CPU.Build.0 = Release|Any CPU
	EndGlobalSection
	GlobalSection(SolutionProperties) = preSolution
		HideSolutionNode = FALSE
	EndGlobalSection
	GlobalSection(ExtensibilityGlobals) = postSolution
		SolutionGuid = {98EFB6D6-16CC-474F-877F-05D712275BE6}
	EndGlobalSection
EndGlobal
